
Microsoft Visual Studio Solution File, Format Version 12.00
# Visual Studio Version 17
VisualStudioVersion = 17.13.35828.75 d17.13
MinimumVisualStudioVersion = 10.0.40219.1
Project("{FAE04EC0-301F-11D3-BF4B-00C04F79EFBC}") = "fight", "fight\fight.csproj", "{B87A099F-C3CB-4063-80FD-5D1B3BC2D3C1}"
EndProject
Global
	GlobalSection(SolutionConfigurationPlatforms) = preSolution
		Debug|Any CPU = Debug|Any CPU
		Release|Any CPU = Release|Any CPU
	EndGlobalSection
	GlobalSection(ProjectConfigurationPlatforms) = postSolution
		{B87A099F-C3CB-4063-80FD-5D1B3BC2D3C1}.Debug|Any CPU.ActiveCfg = Debug|Any CPU
		{B87A099F-C3CB-4063-80FD-5D1B3BC2D3C1}.Debug|Any CPU.Build.0 = Debug|Any CPU
		{B87A099F-C3CB-4063-80FD-5D1B3BC2D3C1}.Release|Any CPU.ActiveCfg = Release|Any CPU
		{B87A099F-C3CB-4063-80FD-5D1B3BC2D3C1}.Release|Any CPU.Build.0 = Release|Any CPU
	EndGlobalSection
	GlobalSection(SolutionProperties) = preSolution
		HideSolutionNode = FALSE
	EndGlobalSection
	GlobalSection(ExtensibilityGlobals) = postSolution
		SolutionGuid = {D8A135DF-8849-493B-B66C-F52F7FDB70BC}
	EndGlobalSection
EndGlobal
