
Microsoft Visual Studio Solution File, Format Version 12.00
# Visual Studio Version 17
VisualStudioVersion = 17.14.36121.58 d17.14
MinimumVisualStudioVersion = 10.0.40219.1
Project("{FAE04EC0-301F-11D3-BF4B-00C04F79EFBC}") = "Krug", "Krug\Krug.csproj", "{14350BFE-D5CA-4B6B-99F7-016EAEFB2915}"
EndProject
Global
	GlobalSection(SolutionConfigurationPlatforms) = preSolution
		Debug|Any CPU = Debug|Any CPU
		Release|Any CPU = Release|Any CPU
	EndGlobalSection
	GlobalSection(ProjectConfigurationPlatforms) = postSolution
		{14350BFE-D5CA-4B6B-99F7-016EAEFB2915}.Debug|Any CPU.ActiveCfg = Debug|Any CPU
		{14350BFE-D5CA-4B6B-99F7-016EAEFB2915}.Debug|Any CPU.Build.0 = Debug|Any CPU
		{14350BFE-D5CA-4B6B-99F7-016EAEFB2915}.Release|Any CPU.ActiveCfg = Release|Any CPU
		{14350BFE-D5CA-4B6B-99F7-016EAEFB2915}.Release|Any CPU.Build.0 = Release|Any CPU
	EndGlobalSection
	GlobalSection(SolutionProperties) = preSolution
		HideSolutionNode = FALSE
	EndGlobalSection
	GlobalSection(ExtensibilityGlobals) = postSolution
		SolutionGuid = {FA5F4E59-764B-46F7-82DF-2B5E56DA68A9}
	EndGlobalSection
EndGlobal
