
Microsoft Visual Studio Solution File, Format Version 12.00
# Visual Studio Version 17
VisualStudioVersion = 17.14.36121.58 d17.14
MinimumVisualStudioVersion = 10.0.40219.1
Project("{FAE04EC0-301F-11D3-BF4B-00C04F79EFBC}") = "Zmeika", "Zmeika\Zmeika.csproj", "{400F7E79-F21B-4161-B442-999B574AFD77}"
EndProject
Global
	GlobalSection(SolutionConfigurationPlatforms) = preSolution
		Debug|Any CPU = Debug|Any CPU
		Release|Any CPU = Release|Any CPU
	EndGlobalSection
	GlobalSection(ProjectConfigurationPlatforms) = postSolution
		{400F7E79-F21B-4161-B442-999B574AFD77}.Debug|Any CPU.ActiveCfg = Debug|Any CPU
		{400F7E79-F21B-4161-B442-999B574AFD77}.Debug|Any CPU.Build.0 = Debug|Any CPU
		{400F7E79-F21B-4161-B442-999B574AFD77}.Release|Any CPU.ActiveCfg = Release|Any CPU
		{400F7E79-F21B-4161-B442-999B574AFD77}.Release|Any CPU.Build.0 = Release|Any CPU
	EndGlobalSection
	GlobalSection(SolutionProperties) = preSolution
		HideSolutionNode = FALSE
	EndGlobalSection
	GlobalSection(ExtensibilityGlobals) = postSolution
		SolutionGuid = {8A9AA68E-E821-46A6-B1BE-E2FE944DA65E}
	EndGlobalSection
EndGlobal
