
Microsoft Visual Studio Solution File, Format Version 12.00
# Visual Studio Version 17
VisualStudioVersion = 17.14.36121.58 d17.14
MinimumVisualStudioVersion = 10.0.40219.1
Project("{FAE04EC0-301F-11D3-BF4B-00C04F79EFBC}") = "Podob_Treug", "Podob_Treug\Podob_Treug.csproj", "{EB534A67-D878-4A77-88F9-6222F5EBB822}"
EndProject
Global
	GlobalSection(SolutionConfigurationPlatforms) = preSolution
		Debug|Any CPU = Debug|Any CPU
		Release|Any CPU = Release|Any CPU
	EndGlobalSection
	GlobalSection(ProjectConfigurationPlatforms) = postSolution
		{EB534A67-D878-4A77-88F9-6222F5EBB822}.Debug|Any CPU.ActiveCfg = Debug|Any CPU
		{EB534A67-D878-4A77-88F9-6222F5EBB822}.Debug|Any CPU.Build.0 = Debug|Any CPU
		{EB534A67-D878-4A77-88F9-6222F5EBB822}.Release|Any CPU.ActiveCfg = Release|Any CPU
		{EB534A67-D878-4A77-88F9-6222F5EBB822}.Release|Any CPU.Build.0 = Release|Any CPU
	EndGlobalSection
	GlobalSection(SolutionProperties) = preSolution
		HideSolutionNode = FALSE
	EndGlobalSection
	GlobalSection(ExtensibilityGlobals) = postSolution
		SolutionGuid = {1F6BADAA-969F-4CF5-ABB6-2D1554145A4C}
	EndGlobalSection
EndGlobal
